
Microsoft Visual Studio Solution File, Format Version 12.00
# Visual Studio Version 16
VisualStudioVersion = 16.0.31702.278
MinimumVisualStudioVersion = 10.0.40219.1
Project("{2150E333-8FDC-42A3-9474-1A3956D46DE8}") = "domain", "domain", "{8642C894-2E0E-4F7B-AF67-E6130147C7ED}"
EndProject
Project("{FAE04EC0-301F-11D3-BF4B-00C04F79EFBC}") = "Store", "Store\Store.csproj", "{F732F7D5-2868-475B-BDE3-42884134DC05}"
EndProject
Project("{2150E333-8FDC-42A3-9474-1A3956D46DE8}") = "infrastructure", "infrastructure", "{99B0BBC9-DDF1-47DA-960B-5850FC710138}"
EndProject
Project("{FAE04EC0-301F-11D3-BF4B-00C04F79EFBC}") = "Store.Memory", "infrastructure\Store.Memory\Store.Memory.csproj", "{D1E90A91-E4A9-4F63-A87D-19E97EDFAE05}"
EndProject
Project("{2150E333-8FDC-42A3-9474-1A3956D46DE8}") = "presentation", "presentation", "{B3A58BCC-3E24-4C63-A67F-8C6257E25C6A}"
EndProject
Project("{FAE04EC0-301F-11D3-BF4B-00C04F79EFBC}") = "Store.Web", "presentation\Store.Web\Store.Web.csproj", "{A5639346-33AA-44D1-B8A1-A08B7EDD0791}"
EndProject
Global
	GlobalSection(SolutionConfigurationPlatforms) = preSolution
		Debug|Any CPU = Debug|Any CPU
		Release|Any CPU = Release|Any CPU
	EndGlobalSection
	GlobalSection(ProjectConfigurationPlatforms) = postSolution
		{F732F7D5-2868-475B-BDE3-42884134DC05}.Debug|Any CPU.ActiveCfg = Debug|Any CPU
		{F732F7D5-2868-475B-BDE3-42884134DC05}.Debug|Any CPU.Build.0 = Debug|Any CPU
		{F732F7D5-2868-475B-BDE3-42884134DC05}.Release|Any CPU.ActiveCfg = Release|Any CPU
		{F732F7D5-2868-475B-BDE3-42884134DC05}.Release|Any CPU.Build.0 = Release|Any CPU
		{D1E90A91-E4A9-4F63-A87D-19E97EDFAE05}.Debug|Any CPU.ActiveCfg = Debug|Any CPU
		{D1E90A91-E4A9-4F63-A87D-19E97EDFAE05}.Debug|Any CPU.Build.0 = Debug|Any CPU
		{D1E90A91-E4A9-4F63-A87D-19E97EDFAE05}.Release|Any CPU.ActiveCfg = Release|Any CPU
		{D1E90A91-E4A9-4F63-A87D-19E97EDFAE05}.Release|Any CPU.Build.0 = Release|Any CPU
		{A5639346-33AA-44D1-B8A1-A08B7EDD0791}.Debug|Any CPU.ActiveCfg = Debug|Any CPU
		{A5639346-33AA-44D1-B8A1-A08B7EDD0791}.Debug|Any CPU.Build.0 = Debug|Any CPU
		{A5639346-33AA-44D1-B8A1-A08B7EDD0791}.Release|Any CPU.ActiveCfg = Release|Any CPU
		{A5639346-33AA-44D1-B8A1-A08B7EDD0791}.Release|Any CPU.Build.0 = Release|Any CPU
	EndGlobalSection
	GlobalSection(SolutionProperties) = preSolution
		HideSolutionNode = FALSE
	EndGlobalSection
	GlobalSection(NestedProjects) = preSolution
		{F732F7D5-2868-475B-BDE3-42884134DC05} = {8642C894-2E0E-4F7B-AF67-E6130147C7ED}
		{D1E90A91-E4A9-4F63-A87D-19E97EDFAE05} = {99B0BBC9-DDF1-47DA-960B-5850FC710138}
		{A5639346-33AA-44D1-B8A1-A08B7EDD0791} = {B3A58BCC-3E24-4C63-A67F-8C6257E25C6A}
	EndGlobalSection
	GlobalSection(ExtensibilityGlobals) = postSolution
		SolutionGuid = {F3C1BE46-FEB2-451E-AB44-D08B61B77222}
	EndGlobalSection
EndGlobal
